
Microsoft Visual Studio Solution File, Format Version 12.00
# Visual Studio Version 17
VisualStudioVersion = 17.14.36429.23 d17.14
MinimumVisualStudioVersion = 10.0.40219.1
Project("{FAE04EC0-301F-11D3-BF4B-00C04F79EFBC}") = "WebApplication3", "WebApplication3\WebApplication3.csproj", "{49917A43-C5A1-4EFE-832B-450D576D57D8}"
EndProject
Global
	GlobalSection(SolutionConfigurationPlatforms) = preSolution
		Debug|Any CPU = Debug|Any CPU
		Release|Any CPU = Release|Any CPU
	EndGlobalSection
	GlobalSection(ProjectConfigurationPlatforms) = postSolution
		{49917A43-C5A1-4EFE-832B-450D576D57D8}.Debug|Any CPU.ActiveCfg = Debug|Any CPU
		{49917A43-C5A1-4EFE-832B-450D576D57D8}.Debug|Any CPU.Build.0 = Debug|Any CPU
		{49917A43-C5A1-4EFE-832B-450D576D57D8}.Release|Any CPU.ActiveCfg = Release|Any CPU
		{49917A43-C5A1-4EFE-832B-450D576D57D8}.Release|Any CPU.Build.0 = Release|Any CPU
	EndGlobalSection
	GlobalSection(SolutionProperties) = preSolution
		HideSolutionNode = FALSE
	EndGlobalSection
	GlobalSection(ExtensibilityGlobals) = postSolution
		SolutionGuid = {E8155689-4F03-49FE-B02D-EF7BA3A4F8F7}
	EndGlobalSection
EndGlobal
